// !$*UTF8*$!
{
	archiveVersion = 1;
	classes = {
	};
	objectVersion = 46;
	objects = {

/* Begin PBXBuildFile section */
		2B6C1DBA4C74729B8C642CA7 /* libPods-Eventz.a in Frameworks */ = {isa = PBXBuildFile; fileRef = 9764103D9F425B4E2F46842E /* libPods-Eventz.a */; settings = {ATTRIBUTES = (Required, ); }; };
		CF302A501A7D355E00B0AB45 /* ConferenceDetailsViewController.m in Sources */ = {isa = PBXBuildFile; fileRef = CF302A4F1A7D355E00B0AB45 /* ConferenceDetailsViewController.m */; };
		CF79319B1A455CCB002DD617 /* UserService.m in Sources */ = {isa = PBXBuildFile; fileRef = CF79319A1A455CCB002DD617 /* UserService.m */; };
		CF79319F1A455DF6002DD617 /* User.m in Sources */ = {isa = PBXBuildFile; fileRef = CF79319E1A455DF6002DD617 /* User.m */; };
		CF7931A31A456120002DD617 /* StringUtils.m in Sources */ = {isa = PBXBuildFile; fileRef = CF7931A21A456120002DD617 /* StringUtils.m */; };
		CF7931A61A4561FB002DD617 /* UIUtils.m in Sources */ = {isa = PBXBuildFile; fileRef = CF7931A51A4561FB002DD617 /* UIUtils.m */; };
		CF9995EA1A4F70D5005C863D /* ResponseLogin.m in Sources */ = {isa = PBXBuildFile; fileRef = CF9995E91A4F70D5005C863D /* ResponseLogin.m */; };
		CF9995EC1A4F70E7005C863D /* ResponseBase.m in Sources */ = {isa = PBXBuildFile; fileRef = CF9995EB1A4F70E7005C863D /* ResponseBase.m */; };
		CFA02B961A4378F1005117EA /* main.m in Sources */ = {isa = PBXBuildFile; fileRef = CFA02B951A4378F1005117EA /* main.m */; };
		CFA02B991A4378F1005117EA /* AppDelegate.m in Sources */ = {isa = PBXBuildFile; fileRef = CFA02B981A4378F1005117EA /* AppDelegate.m */; };
		CFA02B9C1A4378F1005117EA /* LoginViewController.m in Sources */ = {isa = PBXBuildFile; fileRef = CFA02B9B1A4378F1005117EA /* LoginViewController.m */; };
		CFA02B9F1A4378F1005117EA /* Main.storyboard in Resources */ = {isa = PBXBuildFile; fileRef = CFA02B9D1A4378F1005117EA /* Main.storyboard */; };
		CFA02BA11A4378F1005117EA /* Images.xcassets in Resources */ = {isa = PBXBuildFile; fileRef = CFA02BA01A4378F1005117EA /* Images.xcassets */; };
		CFA02BA41A4378F1005117EA /* LaunchScreen.xib in Resources */ = {isa = PBXBuildFile; fileRef = CFA02BA21A4378F1005117EA /* LaunchScreen.xib */; };
		CFA02BB01A4378F1005117EA /* EventzTests.m in Sources */ = {isa = PBXBuildFile; fileRef = CFA02BAF1A4378F1005117EA /* EventzTests.m */; };
		DB9A612A1A7C323300613D25 /* ConferenceContentViewController.m in Sources */ = {isa = PBXBuildFile; fileRef = DB9A61291A7C323300613D25 /* ConferenceContentViewController.m */; };
		DBFBE82A1A7BB5CC00FF2E46 /* Conference.m in Sources */ = {isa = PBXBuildFile; fileRef = DBFBE8291A7BB5CC00FF2E46 /* Conference.m */; };
		EA2F866D1A5F170A00CE83D0 /* EventsPagerViewController.m in Sources */ = {isa = PBXBuildFile; fileRef = EA2F866C1A5F170900CE83D0 /* EventsPagerViewController.m */; };
		EA2F866E1A5F170A00CE83D0 /* EventsPagerViewController.m in Sources */ = {isa = PBXBuildFile; fileRef = EA2F866C1A5F170900CE83D0 /* EventsPagerViewController.m */; };
/* End PBXBuildFile section */

/* Begin PBXContainerItemProxy section */
		CFA02BAA1A4378F1005117EA /* PBXContainerItemProxy */ = {
			isa = PBXContainerItemProxy;
			containerPortal = CFA02B881A4378F0005117EA /* Project object */;
			proxyType = 1;
			remoteGlobalIDString = CFA02B8F1A4378F0005117EA;
			remoteInfo = Eventz;
		};
/* End PBXContainerItemProxy section */

/* Begin PBXFileReference section */
		1B5F9E9ED28579F9E90A3507 /* Pods-Eventz.debug.xcconfig */ = {isa = PBXFileReference; includeInIndex = 1; lastKnownFileType = text.xcconfig; name = "Pods-Eventz.debug.xcconfig"; path = "Pods/Target Support Files/Pods-Eventz/Pods-Eventz.debug.xcconfig"; sourceTree = "<group>"; };
		5AC9B90136E848486D5014C0 /* Pods-Eventz.release.xcconfig */ = {isa = PBXFileReference; includeInIndex = 1; lastKnownFileType = text.xcconfig; name = "Pods-Eventz.release.xcconfig"; path = "Pods/Target Support Files/Pods-Eventz/Pods-Eventz.release.xcconfig"; sourceTree = "<group>"; };
		9764103D9F425B4E2F46842E /* libPods-Eventz.a */ = {isa = PBXFileReference; explicitFileType = archive.ar; includeInIndex = 0; path = "libPods-Eventz.a"; sourceTree = BUILT_PRODUCTS_DIR; };
		CF302A4E1A7D355E00B0AB45 /* ConferenceDetailsViewController.h */ = {isa = PBXFileReference; fileEncoding = 4; lastKnownFileType = sourcecode.c.h; path = ConferenceDetailsViewController.h; sourceTree = "<group>"; };
		CF302A4F1A7D355E00B0AB45 /* ConferenceDetailsViewController.m */ = {isa = PBXFileReference; fileEncoding = 4; lastKnownFileType = sourcecode.c.objc; path = ConferenceDetailsViewController.m; sourceTree = "<group>"; };
		CF79319A1A455CCB002DD617 /* UserService.m */ = {isa = PBXFileReference; fileEncoding = 4; lastKnownFileType = sourcecode.c.objc; path = UserService.m; sourceTree = "<group>"; };
		CF79319C1A455D3D002DD617 /* UserService.h */ = {isa = PBXFileReference; lastKnownFileType = sourcecode.c.h; path = UserService.h; sourceTree = "<group>"; };
		CF79319D1A455DE7002DD617 /* User.h */ = {isa = PBXFileReference; lastKnownFileType = sourcecode.c.h; path = User.h; sourceTree = "<group>"; };
		CF79319E1A455DF6002DD617 /* User.m */ = {isa = PBXFileReference; fileEncoding = 4; lastKnownFileType = sourcecode.c.objc; path = User.m; sourceTree = "<group>"; };
		CF7931A21A456120002DD617 /* StringUtils.m */ = {isa = PBXFileReference; fileEncoding = 4; lastKnownFileType = sourcecode.c.objc; path = StringUtils.m; sourceTree = "<group>"; };
		CF7931A41A45612E002DD617 /* StringUtils.h */ = {isa = PBXFileReference; lastKnownFileType = sourcecode.c.h; path = StringUtils.h; sourceTree = "<group>"; };
		CF7931A51A4561FB002DD617 /* UIUtils.m */ = {isa = PBXFileReference; fileEncoding = 4; lastKnownFileType = sourcecode.c.objc; path = UIUtils.m; sourceTree = "<group>"; };
		CF7931A71A456209002DD617 /* UIUtils.h */ = {isa = PBXFileReference; lastKnownFileType = sourcecode.c.h; path = UIUtils.h; sourceTree = "<group>"; };
		CF9995E41A4F5F96005C863D /* SystemConfiguration.framework */ = {isa = PBXFileReference; lastKnownFileType = wrapper.framework; name = SystemConfiguration.framework; path = System/Library/Frameworks/SystemConfiguration.framework; sourceTree = SDKROOT; };
		CF9995E71A4F6F08005C863D /* ResponseLogin.h */ = {isa = PBXFileReference; lastKnownFileType = sourcecode.c.h; path = ResponseLogin.h; sourceTree = "<group>"; };
		CF9995E81A4F6F19005C863D /* ResponseBase.h */ = {isa = PBXFileReference; lastKnownFileType = sourcecode.c.h; path = ResponseBase.h; sourceTree = "<group>"; };
		CF9995E91A4F70D5005C863D /* ResponseLogin.m */ = {isa = PBXFileReference; fileEncoding = 4; lastKnownFileType = sourcecode.c.objc; path = ResponseLogin.m; sourceTree = "<group>"; };
		CF9995EB1A4F70E7005C863D /* ResponseBase.m */ = {isa = PBXFileReference; fileEncoding = 4; lastKnownFileType = sourcecode.c.objc; path = ResponseBase.m; sourceTree = "<group>"; };
		CFA02B901A4378F1005117EA /* Eventz.app */ = {isa = PBXFileReference; explicitFileType = wrapper.application; includeInIndex = 0; path = Eventz.app; sourceTree = BUILT_PRODUCTS_DIR; };
		CFA02B941A4378F1005117EA /* Info.plist */ = {isa = PBXFileReference; lastKnownFileType = text.plist.xml; path = Info.plist; sourceTree = "<group>"; };
		CFA02B951A4378F1005117EA /* main.m */ = {isa = PBXFileReference; lastKnownFileType = sourcecode.c.objc; path = main.m; sourceTree = "<group>"; };
		CFA02B971A4378F1005117EA /* AppDelegate.h */ = {isa = PBXFileReference; lastKnownFileType = sourcecode.c.h; path = AppDelegate.h; sourceTree = "<group>"; };
		CFA02B981A4378F1005117EA /* AppDelegate.m */ = {isa = PBXFileReference; lastKnownFileType = sourcecode.c.objc; path = AppDelegate.m; sourceTree = "<group>"; };
		CFA02B9A1A4378F1005117EA /* LoginViewController.h */ = {isa = PBXFileReference; lastKnownFileType = sourcecode.c.h; path = LoginViewController.h; sourceTree = "<group>"; };
		CFA02B9B1A4378F1005117EA /* LoginViewController.m */ = {isa = PBXFileReference; lastKnownFileType = sourcecode.c.objc; path = LoginViewController.m; sourceTree = "<group>"; };
		CFA02B9E1A4378F1005117EA /* Base */ = {isa = PBXFileReference; lastKnownFileType = file.storyboard; name = Base; path = Base.lproj/Main.storyboard; sourceTree = "<group>"; };
		CFA02BA01A4378F1005117EA /* Images.xcassets */ = {isa = PBXFileReference; lastKnownFileType = folder.assetcatalog; path = Images.xcassets; sourceTree = "<group>"; };
		CFA02BA31A4378F1005117EA /* Base */ = {isa = PBXFileReference; lastKnownFileType = file.xib; name = Base; path = Base.lproj/LaunchScreen.xib; sourceTree = "<group>"; };
		CFA02BA91A4378F1005117EA /* EventzTests.xctest */ = {isa = PBXFileReference; explicitFileType = wrapper.cfbundle; includeInIndex = 0; path = EventzTests.xctest; sourceTree = BUILT_PRODUCTS_DIR; };
		CFA02BAE1A4378F1005117EA /* Info.plist */ = {isa = PBXFileReference; lastKnownFileType = text.plist.xml; path = Info.plist; sourceTree = "<group>"; };
		CFA02BAF1A4378F1005117EA /* EventzTests.m */ = {isa = PBXFileReference; lastKnownFileType = sourcecode.c.objc; path = EventzTests.m; sourceTree = "<group>"; };
		DB9A61281A7C323300613D25 /* ConferenceContentViewController.h */ = {isa = PBXFileReference; fileEncoding = 4; lastKnownFileType = sourcecode.c.h; path = ConferenceContentViewController.h; sourceTree = "<group>"; };
		DB9A61291A7C323300613D25 /* ConferenceContentViewController.m */ = {isa = PBXFileReference; fileEncoding = 4; lastKnownFileType = sourcecode.c.objc; path = ConferenceContentViewController.m; sourceTree = "<group>"; };
		DBFBE8281A7BB5CC00FF2E46 /* Conference.h */ = {isa = PBXFileReference; fileEncoding = 4; lastKnownFileType = sourcecode.c.h; path = Conference.h; sourceTree = "<group>"; };
		DBFBE8291A7BB5CC00FF2E46 /* Conference.m */ = {isa = PBXFileReference; fileEncoding = 4; lastKnownFileType = sourcecode.c.objc; path = Conference.m; sourceTree = "<group>"; };
		EA2F866B1A5F170900CE83D0 /* EventsPagerViewController.h */ = {isa = PBXFileReference; fileEncoding = 4; lastKnownFileType = sourcecode.c.h; path = EventsPagerViewController.h; sourceTree = "<group>"; };
		EA2F866C1A5F170900CE83D0 /* EventsPagerViewController.m */ = {isa = PBXFileReference; fileEncoding = 4; lastKnownFileType = sourcecode.c.objc; path = EventsPagerViewController.m; sourceTree = "<group>"; };
/* End PBXFileReference section */

/* Begin PBXFrameworksBuildPhase section */
		CFA02B8D1A4378F0005117EA /* Frameworks */ = {
			isa = PBXFrameworksBuildPhase;
			buildActionMask = 2147483647;
			files = (
				2B6C1DBA4C74729B8C642CA7 /* libPods-Eventz.a in Frameworks */,
			);
			runOnlyForDeploymentPostprocessing = 0;
		};
		CFA02BA61A4378F1005117EA /* Frameworks */ = {
			isa = PBXFrameworksBuildPhase;
			buildActionMask = 2147483647;
			files = (
			);
			runOnlyForDeploymentPostprocessing = 0;
		};
/* End PBXFrameworksBuildPhase section */

/* Begin PBXGroup section */
		A78024FFEF3B45BF24084942 /* Frameworks */ = {
			isa = PBXGroup;
			children = (
				9764103D9F425B4E2F46842E /* libPods-Eventz.a */,
			);
			name = Frameworks;
			sourceTree = "<group>";
		};
		CF7931961A455C4F002DD617 /* Controller */ = {
			isa = PBXGroup;
			children = (
				EA2F866B1A5F170900CE83D0 /* EventsPagerViewController.h */,
				EA2F866C1A5F170900CE83D0 /* EventsPagerViewController.m */,
				CFA02B9A1A4378F1005117EA /* LoginViewController.h */,
				CFA02B9B1A4378F1005117EA /* LoginViewController.m */,
				DB9A61281A7C323300613D25 /* ConferenceContentViewController.h */,
				DB9A61291A7C323300613D25 /* ConferenceContentViewController.m */,
				CF302A4E1A7D355E00B0AB45 /* ConferenceDetailsViewController.h */,
				CF302A4F1A7D355E00B0AB45 /* ConferenceDetailsViewController.m */,
			);
			name = Controller;
			sourceTree = "<group>";
		};
		CF7931971A455C65002DD617 /* View */ = {
			isa = PBXGroup;
			children = (
				CFA02BA21A4378F1005117EA /* LaunchScreen.xib */,
				CFA02B9D1A4378F1005117EA /* Main.storyboard */,
			);
			name = View;
			sourceTree = "<group>";
		};
		CF7931981A455C7C002DD617 /* Model */ = {
			isa = PBXGroup;
			children = (
				CF9995E61A4F6EEC005C863D /* Response */,
				CF79319D1A455DE7002DD617 /* User.h */,
				CF79319E1A455DF6002DD617 /* User.m */,
				DBFBE8281A7BB5CC00FF2E46 /* Conference.h */,
				DBFBE8291A7BB5CC00FF2E46 /* Conference.m */,
			);
			name = Model;
			sourceTree = "<group>";
		};
		CF7931991A455C8C002DD617 /* Service */ = {
			isa = PBXGroup;
			children = (
				CF79319C1A455D3D002DD617 /* UserService.h */,
				CF79319A1A455CCB002DD617 /* UserService.m */,
			);
			name = Service;
			sourceTree = "<group>";
		};
		CF7931A01A456076002DD617 /* Utils */ = {
			isa = PBXGroup;
			children = (
				CF7931A41A45612E002DD617 /* StringUtils.h */,
				CF7931A21A456120002DD617 /* StringUtils.m */,
				CF7931A71A456209002DD617 /* UIUtils.h */,
				CF7931A51A4561FB002DD617 /* UIUtils.m */,
			);
			name = Utils;
			sourceTree = "<group>";
		};
		CF9994861A4F5F0B005C863D /* Libs */ = {
			isa = PBXGroup;
			children = (
				CF9995E41A4F5F96005C863D /* SystemConfiguration.framework */,
			);
			name = Libs;
			sourceTree = "<group>";
		};
		CF9995E61A4F6EEC005C863D /* Response */ = {
			isa = PBXGroup;
			children = (
				CF9995E71A4F6F08005C863D /* ResponseLogin.h */,
				CF9995E91A4F70D5005C863D /* ResponseLogin.m */,
				CF9995E81A4F6F19005C863D /* ResponseBase.h */,
				CF9995EB1A4F70E7005C863D /* ResponseBase.m */,
			);
			name = Response;
			sourceTree = "<group>";
		};
		CFA02B871A4378F0005117EA = {
			isa = PBXGroup;
			children = (
				CF9994861A4F5F0B005C863D /* Libs */,
				CFA02B921A4378F1005117EA /* Eventz */,
				CFA02BAC1A4378F1005117EA /* EventzTests */,
				CFA02B911A4378F1005117EA /* Products */,
				F9454E771E0D57604F0C514D /* Pods */,
				A78024FFEF3B45BF24084942 /* Frameworks */,
			);
			sourceTree = "<group>";
		};
		CFA02B911A4378F1005117EA /* Products */ = {
			isa = PBXGroup;
			children = (
				CFA02B901A4378F1005117EA /* Eventz.app */,
				CFA02BA91A4378F1005117EA /* EventzTests.xctest */,
			);
			name = Products;
			sourceTree = "<group>";
		};
		CFA02B921A4378F1005117EA /* Eventz */ = {
			isa = PBXGroup;
			children = (
				CF7931A01A456076002DD617 /* Utils */,
				CF7931991A455C8C002DD617 /* Service */,
				CF7931981A455C7C002DD617 /* Model */,
				CF7931971A455C65002DD617 /* View */,
				CF7931961A455C4F002DD617 /* Controller */,
				CFA02B931A4378F1005117EA /* Supporting Files */,
				CFA02B971A4378F1005117EA /* AppDelegate.h */,
				CFA02B981A4378F1005117EA /* AppDelegate.m */,
				CFA02BA01A4378F1005117EA /* Images.xcassets */,
			);
			path = Eventz;
			sourceTree = "<group>";
		};
		CFA02B931A4378F1005117EA /* Supporting Files */ = {
			isa = PBXGroup;
			children = (
				CFA02B941A4378F1005117EA /* Info.plist */,
				CFA02B951A4378F1005117EA /* main.m */,
			);
			name = "Supporting Files";
			sourceTree = "<group>";
		};
		CFA02BAC1A4378F1005117EA /* EventzTests */ = {
			isa = PBXGroup;
			children = (
				CFA02BAF1A4378F1005117EA /* EventzTests.m */,
				CFA02BAD1A4378F1005117EA /* Supporting Files */,
			);
			path = EventzTests;
			sourceTree = "<group>";
		};
		CFA02BAD1A4378F1005117EA /* Supporting Files */ = {
			isa = PBXGroup;
			children = (
				CFA02BAE1A4378F1005117EA /* Info.plist */,
			);
			name = "Supporting Files";
			sourceTree = "<group>";
		};
		F9454E771E0D57604F0C514D /* Pods */ = {
			isa = PBXGroup;
			children = (
				1B5F9E9ED28579F9E90A3507 /* Pods-Eventz.debug.xcconfig */,
				5AC9B90136E848486D5014C0 /* Pods-Eventz.release.xcconfig */,
			);
			name = Pods;
			sourceTree = "<group>";
		};
/* End PBXGroup section */

/* Begin PBXNativeTarget section */
		CFA02B8F1A4378F0005117EA /* Eventz */ = {
			isa = PBXNativeTarget;
			buildConfigurationList = CFA02BB31A4378F1005117EA /* Build configuration list for PBXNativeTarget "Eventz" */;
			buildPhases = (
				85E66C63E67F6C6A533E0529 /* Check Pods Manifest.lock */,
				CFA02B8C1A4378F0005117EA /* Sources */,
				CFA02B8D1A4378F0005117EA /* Frameworks */,
				CFA02B8E1A4378F0005117EA /* Resources */,
				4B28DB580C1A8D2E24EFDB3F /* Copy Pods Resources */,
			);
			buildRules = (
			);
			dependencies = (
			);
			name = Eventz;
			productName = Eventz;
			productReference = CFA02B901A4378F1005117EA /* Eventz.app */;
			productType = "com.apple.product-type.application";
		};
		CFA02BA81A4378F1005117EA /* EventzTests */ = {
			isa = PBXNativeTarget;
			buildConfigurationList = CFA02BB61A4378F1005117EA /* Build configuration list for PBXNativeTarget "EventzTests" */;
			buildPhases = (
				CFA02BA51A4378F1005117EA /* Sources */,
				CFA02BA61A4378F1005117EA /* Frameworks */,
				CFA02BA71A4378F1005117EA /* Resources */,
			);
			buildRules = (
			);
			dependencies = (
				CFA02BAB1A4378F1005117EA /* PBXTargetDependency */,
			);
			name = EventzTests;
			productName = EventzTests;
			productReference = CFA02BA91A4378F1005117EA /* EventzTests.xctest */;
			productType = "com.apple.product-type.bundle.unit-test";
		};
/* End PBXNativeTarget section */

/* Begin PBXProject section */
		CFA02B881A4378F0005117EA /* Project object */ = {
			isa = PBXProject;
			attributes = {
				LastUpgradeCheck = 0610;
				ORGANIZATIONNAME = "Rafał Mańka";
				TargetAttributes = {
					CFA02B8F1A4378F0005117EA = {
						CreatedOnToolsVersion = 6.1.1;
					};
					CFA02BA81A4378F1005117EA = {
						CreatedOnToolsVersion = 6.1.1;
						TestTargetID = CFA02B8F1A4378F0005117EA;
					};
				};
			};
			buildConfigurationList = CFA02B8B1A4378F0005117EA /* Build configuration list for PBXProject "Eventz" */;
			compatibilityVersion = "Xcode 3.2";
			developmentRegion = English;
			hasScannedForEncodings = 0;
			knownRegions = (
				en,
				Base,
			);
			mainGroup = CFA02B871A4378F0005117EA;
			productRefGroup = CFA02B911A4378F1005117EA /* Products */;
			projectDirPath = "";
			projectRoot = "";
			targets = (
				CFA02B8F1A4378F0005117EA /* Eventz */,
				CFA02BA81A4378F1005117EA /* EventzTests */,
			);
		};
/* End PBXProject section */

/* Begin PBXResourcesBuildPhase section */
		CFA02B8E1A4378F0005117EA /* Resources */ = {
			isa = PBXResourcesBuildPhase;
			buildActionMask = 2147483647;
			files = (
				CFA02B9F1A4378F1005117EA /* Main.storyboard in Resources */,
				CFA02BA41A4378F1005117EA /* LaunchScreen.xib in Resources */,
				CFA02BA11A4378F1005117EA /* Images.xcassets in Resources */,
			);
			runOnlyForDeploymentPostprocessing = 0;
		};
		CFA02BA71A4378F1005117EA /* Resources */ = {
			isa = PBXResourcesBuildPhase;
			buildActionMask = 2147483647;
			files = (
			);
			runOnlyForDeploymentPostprocessing = 0;
		};
/* End PBXResourcesBuildPhase section */

/* Begin PBXShellScriptBuildPhase section */
		4B28DB580C1A8D2E24EFDB3F /* Copy Pods Resources */ = {
			isa = PBXShellScriptBuildPhase;
			buildActionMask = 2147483647;
			files = (
			);
			inputPaths = (
			);
			name = "Copy Pods Resources";
			outputPaths = (
			);
			runOnlyForDeploymentPostprocessing = 0;
			shellPath = /bin/sh;
			shellScript = "\"${SRCROOT}/Pods/Target Support Files/Pods-Eventz/Pods-Eventz-resources.sh\"\n";
			showEnvVarsInLog = 0;
		};
		85E66C63E67F6C6A533E0529 /* Check Pods Manifest.lock */ = {
			isa = PBXShellScriptBuildPhase;
			buildActionMask = 2147483647;
			files = (
			);
			inputPaths = (
			);
			name = "Check Pods Manifest.lock";
			outputPaths = (
			);
			runOnlyForDeploymentPostprocessing = 0;
			shellPath = /bin/sh;
			shellScript = "diff \"${PODS_ROOT}/../Podfile.lock\" \"${PODS_ROOT}/Manifest.lock\" > /dev/null\nif [[ $? != 0 ]] ; then\n    cat << EOM\nerror: The sandbox is not in sync with the Podfile.lock. Run 'pod install' or update your CocoaPods installation.\nEOM\n    exit 1\nfi\n";
			showEnvVarsInLog = 0;
		};
/* End PBXShellScriptBuildPhase section */

/* Begin PBXSourcesBuildPhase section */
		CFA02B8C1A4378F0005117EA /* Sources */ = {
			isa = PBXSourcesBuildPhase;
			buildActionMask = 2147483647;
			files = (
				CF79319F1A455DF6002DD617 /* User.m in Sources */,
				CF79319B1A455CCB002DD617 /* UserService.m in Sources */,
				CF9995EA1A4F70D5005C863D /* ResponseLogin.m in Sources */,
				CFA02B9C1A4378F1005117EA /* LoginViewController.m in Sources */,
				CFA02B991A4378F1005117EA /* AppDelegate.m in Sources */,
				CF7931A61A4561FB002DD617 /* UIUtils.m in Sources */,
				DBFBE82A1A7BB5CC00FF2E46 /* Conference.m in Sources */,
				CF7931A31A456120002DD617 /* StringUtils.m in Sources */,
				EA2F866D1A5F170A00CE83D0 /* EventsPagerViewController.m in Sources */,
				CFA02B961A4378F1005117EA /* main.m in Sources */,
				CF302A501A7D355E00B0AB45 /* ConferenceDetailsViewController.m in Sources */,
				DB9A612A1A7C323300613D25 /* ConferenceContentViewController.m in Sources */,
				CF9995EC1A4F70E7005C863D /* ResponseBase.m in Sources */,
			);
			runOnlyForDeploymentPostprocessing = 0;
		};
		CFA02BA51A4378F1005117EA /* Sources */ = {
			isa = PBXSourcesBuildPhase;
			buildActionMask = 2147483647;
			files = (
				CFA02BB01A4378F1005117EA /* EventzTests.m in Sources */,
				EA2F866E1A5F170A00CE83D0 /* EventsPagerViewController.m in Sources */,
			);
			runOnlyForDeploymentPostprocessing = 0;
		};
/* End PBXSourcesBuildPhase section */

/* Begin PBXTargetDependency section */
		CFA02BAB1A4378F1005117EA /* PBXTargetDependency */ = {
			isa = PBXTargetDependency;
			target = CFA02B8F1A4378F0005117EA /* Eventz */;
			targetProxy = CFA02BAA1A4378F1005117EA /* PBXContainerItemProxy */;
		};
/* End PBXTargetDependency section */

/* Begin PBXVariantGroup section */
		CFA02B9D1A4378F1005117EA /* Main.storyboard */ = {
			isa = PBXVariantGroup;
			children = (
				CFA02B9E1A4378F1005117EA /* Base */,
			);
			name = Main.storyboard;
			sourceTree = "<group>";
		};
		CFA02BA21A4378F1005117EA /* LaunchScreen.xib */ = {
			isa = PBXVariantGroup;
			children = (
				CFA02BA31A4378F1005117EA /* Base */,
			);
			name = LaunchScreen.xib;
			sourceTree = "<group>";
		};
/* End PBXVariantGroup section */

/* Begin XCBuildConfiguration section */
		CFA02BB11A4378F1005117EA /* Debug */ = {
			isa = XCBuildConfiguration;
			buildSettings = {
				ALWAYS_SEARCH_USER_PATHS = NO;
				CLANG_CXX_LANGUAGE_STANDARD = "gnu++0x";
				CLANG_CXX_LIBRARY = "libc++";
				CLANG_ENABLE_MODULES = YES;
				CLANG_ENABLE_OBJC_ARC = YES;
				CLANG_WARN_BOOL_CONVERSION = YES;
				CLANG_WARN_CONSTANT_CONVERSION = YES;
				CLANG_WARN_DIRECT_OBJC_ISA_USAGE = YES_ERROR;
				CLANG_WARN_EMPTY_BODY = YES;
				CLANG_WARN_ENUM_CONVERSION = YES;
				CLANG_WARN_INT_CONVERSION = YES;
				CLANG_WARN_OBJC_ROOT_CLASS = YES_ERROR;
				CLANG_WARN_UNREACHABLE_CODE = YES;
				CLANG_WARN__DUPLICATE_METHOD_MATCH = YES;
				"CODE_SIGN_IDENTITY[sdk=iphoneos*]" = "iPhone Developer";
				COPY_PHASE_STRIP = NO;
				ENABLE_STRICT_OBJC_MSGSEND = YES;
				GCC_C_LANGUAGE_STANDARD = gnu99;
				GCC_DYNAMIC_NO_PIC = NO;
				GCC_OPTIMIZATION_LEVEL = 0;
				GCC_PREPROCESSOR_DEFINITIONS = (
					"DEBUG=1",
					"$(inherited)",
				);
				GCC_SYMBOLS_PRIVATE_EXTERN = NO;
				GCC_WARN_64_TO_32_BIT_CONVERSION = YES;
				GCC_WARN_ABOUT_RETURN_TYPE = YES_ERROR;
				GCC_WARN_UNDECLARED_SELECTOR = YES;
				GCC_WARN_UNINITIALIZED_AUTOS = YES_AGGRESSIVE;
				GCC_WARN_UNUSED_FUNCTION = YES;
				GCC_WARN_UNUSED_VARIABLE = YES;
				IPHONEOS_DEPLOYMENT_TARGET = 8.1;
				MTL_ENABLE_DEBUG_INFO = YES;
				ONLY_ACTIVE_ARCH = YES;
				SDKROOT = iphoneos;
				TARGETED_DEVICE_FAMILY = "1,2";
			};
			name = Debug;
		};
		CFA02BB21A4378F1005117EA /* Release */ = {
			isa = XCBuildConfiguration;
			buildSettings = {
				ALWAYS_SEARCH_USER_PATHS = NO;
				CLANG_CXX_LANGUAGE_STANDARD = "gnu++0x";
				CLANG_CXX_LIBRARY = "libc++";
				CLANG_ENABLE_MODULES = YES;
				CLANG_ENABLE_OBJC_ARC = YES;
				CLANG_WARN_BOOL_CONVERSION = YES;
				CLANG_WARN_CONSTANT_CONVERSION = YES;
				CLANG_WARN_DIRECT_OBJC_ISA_USAGE = YES_ERROR;
				CLANG_WARN_EMPTY_BODY = YES;
				CLANG_WARN_ENUM_CONVERSION = YES;
				CLANG_WARN_INT_CONVERSION = YES;
				CLANG_WARN_OBJC_ROOT_CLASS = YES_ERROR;
				CLANG_WARN_UNREACHABLE_CODE = YES;
				CLANG_WARN__DUPLICATE_METHOD_MATCH = YES;
				"CODE_SIGN_IDENTITY[sdk=iphoneos*]" = "iPhone Developer";
				COPY_PHASE_STRIP = YES;
				ENABLE_NS_ASSERTIONS = NO;
				ENABLE_STRICT_OBJC_MSGSEND = YES;
				GCC_C_LANGUAGE_STANDARD = gnu99;
				GCC_WARN_64_TO_32_BIT_CONVERSION = YES;
				GCC_WARN_ABOUT_RETURN_TYPE = YES_ERROR;
				GCC_WARN_UNDECLARED_SELECTOR = YES;
				GCC_WARN_UNINITIALIZED_AUTOS = YES_AGGRESSIVE;
				GCC_WARN_UNUSED_FUNCTION = YES;
				GCC_WARN_UNUSED_VARIABLE = YES;
				IPHONEOS_DEPLOYMENT_TARGET = 8.1;
				MTL_ENABLE_DEBUG_INFO = NO;
				SDKROOT = iphoneos;
				TARGETED_DEVICE_FAMILY = "1,2";
				VALIDATE_PRODUCT = YES;
			};
			name = Release;
		};
		CFA02BB41A4378F1005117EA /* Debug */ = {
			isa = XCBuildConfiguration;
			baseConfigurationReference = 1B5F9E9ED28579F9E90A3507 /* Pods-Eventz.debug.xcconfig */;
			buildSettings = {
				ASSETCATALOG_COMPILER_APPICON_NAME = AppIcon;
				FRAMEWORK_SEARCH_PATHS = "";
				INFOPLIST_FILE = Eventz/Info.plist;
				IPHONEOS_DEPLOYMENT_TARGET = 8.0;
				LD_RUNPATH_SEARCH_PATHS = "$(inherited) @executable_path/Frameworks";
				PRODUCT_NAME = "$(TARGET_NAME)";
			};
			name = Debug;
		};
		CFA02BB51A4378F1005117EA /* Release */ = {
			isa = XCBuildConfiguration;
			baseConfigurationReference = 5AC9B90136E848486D5014C0 /* Pods-Eventz.release.xcconfig */;
			buildSettings = {
				ASSETCATALOG_COMPILER_APPICON_NAME = AppIcon;
				FRAMEWORK_SEARCH_PATHS = "";
				INFOPLIST_FILE = Eventz/Info.plist;
				IPHONEOS_DEPLOYMENT_TARGET = 8.0;
				LD_RUNPATH_SEARCH_PATHS = "$(inherited) @executable_path/Frameworks";
				PRODUCT_NAME = "$(TARGET_NAME)";
			};
			name = Release;
		};
		CFA02BB71A4378F1005117EA /* Debug */ = {
			isa = XCBuildConfiguration;
			buildSettings = {
				BUNDLE_LOADER = "$(TEST_HOST)";
				FRAMEWORK_SEARCH_PATHS = (
					"$(SDKROOT)/Developer/Library/Frameworks",
					"$(inherited)",
				);
				GCC_PREPROCESSOR_DEFINITIONS = (
					"DEBUG=1",
					"$(inherited)",
				);
				INFOPLIST_FILE = EventzTests/Info.plist;
				LD_RUNPATH_SEARCH_PATHS = "$(inherited) @executable_path/Frameworks @loader_path/Frameworks";
				PRODUCT_NAME = "$(TARGET_NAME)";
				TEST_HOST = "$(BUILT_PRODUCTS_DIR)/Eventz.app/Eventz";
			};
			name = Debug;
		};
		CFA02BB81A4378F1005117EA /* Release */ = {
			isa = XCBuildConfiguration;
			buildSettings = {
				BUNDLE_LOADER = "$(TEST_HOST)";
				FRAMEWORK_SEARCH_PATHS = (
					"$(SDKROOT)/Developer/Library/Frameworks",
					"$(inherited)",
				);
				INFOPLIST_FILE = EventzTests/Info.plist;
				LD_RUNPATH_SEARCH_PATHS = "$(inherited) @executable_path/Frameworks @loader_path/Frameworks";
				PRODUCT_NAME = "$(TARGET_NAME)";
				TEST_HOST = "$(BUILT_PRODUCTS_DIR)/Eventz.app/Eventz";
			};
			name = Release;
		};
/* End XCBuildConfiguration section */

/* Begin XCConfigurationList section */
		CFA02B8B1A4378F0005117EA /* Build configuration list for PBXProject "Eventz" */ = {
			isa = XCConfigurationList;
			buildConfigurations = (
				CFA02BB11A4378F1005117EA /* Debug */,
				CFA02BB21A4378F1005117EA /* Release */,
			);
			defaultConfigurationIsVisible = 0;
			defaultConfigurationName = Release;
		};
		CFA02BB31A4378F1005117EA /* Build configuration list for PBXNativeTarget "Eventz" */ = {
			isa = XCConfigurationList;
			buildConfigurations = (
				CFA02BB41A4378F1005117EA /* Debug */,
				CFA02BB51A4378F1005117EA /* Release */,
			);
			defaultConfigurationIsVisible = 0;
			defaultConfigurationName = Release;
		};
		CFA02BB61A4378F1005117EA /* Build configuration list for PBXNativeTarget "EventzTests" */ = {
			isa = XCConfigurationList;
			buildConfigurations = (
				CFA02BB71A4378F1005117EA /* Debug */,
				CFA02BB81A4378F1005117EA /* Release */,
			);
			defaultConfigurationIsVisible = 0;
			defaultConfigurationName = Release;
		};
/* End XCConfigurationList section */
	};
	rootObject = CFA02B881A4378F0005117EA /* Project object */;
}
